
Microsoft Visual Studio Solution File, Format Version 12.00
# Visual Studio 14
VisualStudioVersion = 14.0.25420.1
MinimumVisualStudioVersion = 10.0.40219.1
Project("{FAE04EC0-301F-11D3-BF4B-00C04F79EFBC}") = "HTTP_Basic_Authentication", "HTTP_Basic_Authentication\HTTP_Basic_Authentication\HTTP_Basic_Authentication.csproj", "{5368FDB7-06D4-4928-94BA-2022DB5F0015}"
EndProject
Project("{FAE04EC0-301F-11D3-BF4B-00C04F79EFBC}") = "HTTP_Basic_Authentication.Droid", "HTTP_Basic_Authentication\HTTP_Basic_Authentication.Droid\HTTP_Basic_Authentication.Droid.csproj", "{8F9C2353-007C-4DCF-BBF5-DB7F9E8E6859}"
EndProject
Project("{FAE04EC0-301F-11D3-BF4B-00C04F79EFBC}") = "HTTP_Basic_Authentication.iOS", "HTTP_Basic_Authentication\HTTP_Basic_Authentication.iOS\HTTP_Basic_Authentication.iOS.csproj", "{FE1FCD5C-FC2F-44BD-A4B7-2AEC7E0B6E07}"
EndProject
Project("{FAE04EC0-301F-11D3-BF4B-00C04F79EFBC}") = "HTTP_Basic_Authentication.UWP", "HTTP_Basic_Authentication\HTTP_Basic_Authentication.UWP\HTTP_Basic_Authentication.UWP.csproj", "{740109E4-37A0-4283-91CA-E4BAF3B568E3}"
EndProject
Global
	GlobalSection(SolutionConfigurationPlatforms) = preSolution
		Ad-Hoc|Any CPU = Ad-Hoc|Any CPU
		Ad-Hoc|ARM = Ad-Hoc|ARM
		Ad-Hoc|iPhone = Ad-Hoc|iPhone
		Ad-Hoc|iPhoneSimulator = Ad-Hoc|iPhoneSimulator
		Ad-Hoc|x64 = Ad-Hoc|x64
		Ad-Hoc|x86 = Ad-Hoc|x86
		AppStore|Any CPU = AppStore|Any CPU
		AppStore|ARM = AppStore|ARM
		AppStore|iPhone = AppStore|iPhone
		AppStore|iPhoneSimulator = AppStore|iPhoneSimulator
		AppStore|x64 = AppStore|x64
		AppStore|x86 = AppStore|x86
		Debug|Any CPU = Debug|Any CPU
		Debug|ARM = Debug|ARM
		Debug|iPhone = Debug|iPhone
		Debug|iPhoneSimulator = Debug|iPhoneSimulator
		Debug|x64 = Debug|x64
		Debug|x86 = Debug|x86
		Release|Any CPU = Release|Any CPU
		Release|ARM = Release|ARM
		Release|iPhone = Release|iPhone
		Release|iPhoneSimulator = Release|iPhoneSimulator
		Release|x64 = Release|x64
		Release|x86 = Release|x86
	EndGlobalSection
	GlobalSection(ProjectConfigurationPlatforms) = postSolution
		{5368FDB7-06D4-4928-94BA-2022DB5F0015}.Ad-Hoc|Any CPU.ActiveCfg = Release|Any CPU
		{5368FDB7-06D4-4928-94BA-2022DB5F0015}.Ad-Hoc|Any CPU.Build.0 = Release|Any CPU
		{5368FDB7-06D4-4928-94BA-2022DB5F0015}.Ad-Hoc|ARM.ActiveCfg = Release|Any CPU
		{5368FDB7-06D4-4928-94BA-2022DB5F0015}.Ad-Hoc|ARM.Build.0 = Release|Any CPU
		{5368FDB7-06D4-4928-94BA-2022DB5F0015}.Ad-Hoc|iPhone.ActiveCfg = Release|Any CPU
		{5368FDB7-06D4-4928-94BA-2022DB5F0015}.Ad-Hoc|iPhone.Build.0 = Release|Any CPU
		{5368FDB7-06D4-4928-94BA-2022DB5F0015}.Ad-Hoc|iPhoneSimulator.ActiveCfg = Release|Any CPU
		{5368FDB7-06D4-4928-94BA-2022DB5F0015}.Ad-Hoc|iPhoneSimulator.Build.0 = Release|Any CPU
		{5368FDB7-06D4-4928-94BA-2022DB5F0015}.Ad-Hoc|x64.ActiveCfg = Release|Any CPU
		{5368FDB7-06D4-4928-94BA-2022DB5F0015}.Ad-Hoc|x64.Build.0 = Release|Any CPU
		{5368FDB7-06D4-4928-94BA-2022DB5F0015}.Ad-Hoc|x86.ActiveCfg = Release|Any CPU
		{5368FDB7-06D4-4928-94BA-2022DB5F0015}.Ad-Hoc|x86.Build.0 = Release|Any CPU
		{5368FDB7-06D4-4928-94BA-2022DB5F0015}.AppStore|Any CPU.ActiveCfg = Release|Any CPU
		{5368FDB7-06D4-4928-94BA-2022DB5F0015}.AppStore|Any CPU.Build.0 = Release|Any CPU
		{5368FDB7-06D4-4928-94BA-2022DB5F0015}.AppStore|ARM.ActiveCfg = Release|Any CPU
		{5368FDB7-06D4-4928-94BA-2022DB5F0015}.AppStore|ARM.Build.0 = Release|Any CPU
		{5368FDB7-06D4-4928-94BA-2022DB5F0015}.AppStore|iPhone.ActiveCfg = Release|Any CPU
		{5368FDB7-06D4-4928-94BA-2022DB5F0015}.AppStore|iPhone.Build.0 = Release|Any CPU
		{5368FDB7-06D4-4928-94BA-2022DB5F0015}.AppStore|iPhoneSimulator.ActiveCfg = Release|Any CPU
		{5368FDB7-06D4-4928-94BA-2022DB5F0015}.AppStore|iPhoneSimulator.Build.0 = Release|Any CPU
		{5368FDB7-06D4-4928-94BA-2022DB5F0015}.AppStore|x64.ActiveCfg = Release|Any CPU
		{5368FDB7-06D4-4928-94BA-2022DB5F0015}.AppStore|x64.Build.0 = Release|Any CPU
		{5368FDB7-06D4-4928-94BA-2022DB5F0015}.AppStore|x86.ActiveCfg = Release|Any CPU
		{5368FDB7-06D4-4928-94BA-2022DB5F0015}.AppStore|x86.Build.0 = Release|Any CPU
		{5368FDB7-06D4-4928-94BA-2022DB5F0015}.Debug|Any CPU.ActiveCfg = Debug|Any CPU
		{5368FDB7-06D4-4928-94BA-2022DB5F0015}.Debug|Any CPU.Build.0 = Debug|Any CPU
		{5368FDB7-06D4-4928-94BA-2022DB5F0015}.Debug|ARM.ActiveCfg = Debug|Any CPU
		{5368FDB7-06D4-4928-94BA-2022DB5F0015}.Debug|ARM.Build.0 = Debug|Any CPU
		{5368FDB7-06D4-4928-94BA-2022DB5F0015}.Debug|iPhone.ActiveCfg = Debug|Any CPU
		{5368FDB7-06D4-4928-94BA-2022DB5F0015}.Debug|iPhone.Build.0 = Debug|Any CPU
		{5368FDB7-06D4-4928-94BA-2022DB5F0015}.Debug|iPhoneSimulator.ActiveCfg = Debug|Any CPU
		{5368FDB7-06D4-4928-94BA-2022DB5F0015}.Debug|iPhoneSimulator.Build.0 = Debug|Any CPU
		{5368FDB7-06D4-4928-94BA-2022DB5F0015}.Debug|x64.ActiveCfg = Debug|Any CPU
		{5368FDB7-06D4-4928-94BA-2022DB5F0015}.Debug|x64.Build.0 = Debug|Any CPU
		{5368FDB7-06D4-4928-94BA-2022DB5F0015}.Debug|x86.ActiveCfg = Debug|Any CPU
		{5368FDB7-06D4-4928-94BA-2022DB5F0015}.Debug|x86.Build.0 = Debug|Any CPU
		{5368FDB7-06D4-4928-94BA-2022DB5F0015}.Release|Any CPU.ActiveCfg = Release|Any CPU
		{5368FDB7-06D4-4928-94BA-2022DB5F0015}.Release|Any CPU.Build.0 = Release|Any CPU
		{5368FDB7-06D4-4928-94BA-2022DB5F0015}.Release|ARM.ActiveCfg = Release|Any CPU
		{5368FDB7-06D4-4928-94BA-2022DB5F0015}.Release|ARM.Build.0 = Release|Any CPU
		{5368FDB7-06D4-4928-94BA-2022DB5F0015}.Release|iPhone.ActiveCfg = Release|Any CPU
		{5368FDB7-06D4-4928-94BA-2022DB5F0015}.Release|iPhone.Build.0 = Release|Any CPU
		{5368FDB7-06D4-4928-94BA-2022DB5F0015}.Release|iPhoneSimulator.ActiveCfg = Release|Any CPU
		{5368FDB7-06D4-4928-94BA-2022DB5F0015}.Release|iPhoneSimulator.Build.0 = Release|Any CPU
		{5368FDB7-06D4-4928-94BA-2022DB5F0015}.Release|x64.ActiveCfg = Release|Any CPU
		{5368FDB7-06D4-4928-94BA-2022DB5F0015}.Release|x64.Build.0 = Release|Any CPU
		{5368FDB7-06D4-4928-94BA-2022DB5F0015}.Release|x86.ActiveCfg = Release|Any CPU
		{5368FDB7-06D4-4928-94BA-2022DB5F0015}.Release|x86.Build.0 = Release|Any CPU
		{8F9C2353-007C-4DCF-BBF5-DB7F9E8E6859}.Ad-Hoc|Any CPU.ActiveCfg = Release|Any CPU
		{8F9C2353-007C-4DCF-BBF5-DB7F9E8E6859}.Ad-Hoc|Any CPU.Build.0 = Release|Any CPU
		{8F9C2353-007C-4DCF-BBF5-DB7F9E8E6859}.Ad-Hoc|Any CPU.Deploy.0 = Release|Any CPU
		{8F9C2353-007C-4DCF-BBF5-DB7F9E8E6859}.Ad-Hoc|ARM.ActiveCfg = Release|Any CPU
		{8F9C2353-007C-4DCF-BBF5-DB7F9E8E6859}.Ad-Hoc|ARM.Build.0 = Release|Any CPU
		{8F9C2353-007C-4DCF-BBF5-DB7F9E8E6859}.Ad-Hoc|ARM.Deploy.0 = Release|Any CPU
		{8F9C2353-007C-4DCF-BBF5-DB7F9E8E6859}.Ad-Hoc|iPhone.ActiveCfg = Release|Any CPU
		{8F9C2353-007C-4DCF-BBF5-DB7F9E8E6859}.Ad-Hoc|iPhone.Build.0 = Release|Any CPU
		{8F9C2353-007C-4DCF-BBF5-DB7F9E8E6859}.Ad-Hoc|iPhone.Deploy.0 = Release|Any CPU
		{8F9C2353-007C-4DCF-BBF5-DB7F9E8E6859}.Ad-Hoc|iPhoneSimulator.ActiveCfg = Release|Any CPU
		{8F9C2353-007C-4DCF-BBF5-DB7F9E8E6859}.Ad-Hoc|iPhoneSimulator.Build.0 = Release|Any CPU
		{8F9C2353-007C-4DCF-BBF5-DB7F9E8E6859}.Ad-Hoc|iPhoneSimulator.Deploy.0 = Release|Any CPU
		{8F9C2353-007C-4DCF-BBF5-DB7F9E8E6859}.Ad-Hoc|x64.ActiveCfg = Release|Any CPU
		{8F9C2353-007C-4DCF-BBF5-DB7F9E8E6859}.Ad-Hoc|x64.Build.0 = Release|Any CPU
		{8F9C2353-007C-4DCF-BBF5-DB7F9E8E6859}.Ad-Hoc|x64.Deploy.0 = Release|Any CPU
		{8F9C2353-007C-4DCF-BBF5-DB7F9E8E6859}.Ad-Hoc|x86.ActiveCfg = Release|Any CPU
		{8F9C2353-007C-4DCF-BBF5-DB7F9E8E6859}.Ad-Hoc|x86.Build.0 = Release|Any CPU
		{8F9C2353-007C-4DCF-BBF5-DB7F9E8E6859}.Ad-Hoc|x86.Deploy.0 = Release|Any CPU
		{8F9C2353-007C-4DCF-BBF5-DB7F9E8E6859}.AppStore|Any CPU.ActiveCfg = Release|Any CPU
		{8F9C2353-007C-4DCF-BBF5-DB7F9E8E6859}.AppStore|Any CPU.Build.0 = Release|Any CPU
		{8F9C2353-007C-4DCF-BBF5-DB7F9E8E6859}.AppStore|Any CPU.Deploy.0 = Release|Any CPU
		{8F9C2353-007C-4DCF-BBF5-DB7F9E8E6859}.AppStore|ARM.ActiveCfg = Release|Any CPU
		{8F9C2353-007C-4DCF-BBF5-DB7F9E8E6859}.AppStore|ARM.Build.0 = Release|Any CPU
		{8F9C2353-007C-4DCF-BBF5-DB7F9E8E6859}.AppStore|ARM.Deploy.0 = Release|Any CPU
		{8F9C2353-007C-4DCF-BBF5-DB7F9E8E6859}.AppStore|iPhone.ActiveCfg = Release|Any CPU
		{8F9C2353-007C-4DCF-BBF5-DB7F9E8E6859}.AppStore|iPhone.Build.0 = Release|Any CPU
		{8F9C2353-007C-4DCF-BBF5-DB7F9E8E6859}.AppStore|iPhone.Deploy.0 = Release|Any CPU
		{8F9C2353-007C-4DCF-BBF5-DB7F9E8E6859}.AppStore|iPhoneSimulator.ActiveCfg = Release|Any CPU
		{8F9C2353-007C-4DCF-BBF5-DB7F9E8E6859}.AppStore|iPhoneSimulator.Build.0 = Release|Any CPU
		{8F9C2353-007C-4DCF-BBF5-DB7F9E8E6859}.AppStore|iPhoneSimulator.Deploy.0 = Release|Any CPU
		{8F9C2353-007C-4DCF-BBF5-DB7F9E8E6859}.AppStore|x64.ActiveCfg = Release|Any CPU
		{8F9C2353-007C-4DCF-BBF5-DB7F9E8E6859}.AppStore|x64.Build.0 = Release|Any CPU
		{8F9C2353-007C-4DCF-BBF5-DB7F9E8E6859}.AppStore|x64.Deploy.0 = Release|Any CPU
		{8F9C2353-007C-4DCF-BBF5-DB7F9E8E6859}.AppStore|x86.ActiveCfg = Release|Any CPU
		{8F9C2353-007C-4DCF-BBF5-DB7F9E8E6859}.AppStore|x86.Build.0 = Release|Any CPU
		{8F9C2353-007C-4DCF-BBF5-DB7F9E8E6859}.AppStore|x86.Deploy.0 = Release|Any CPU
		{8F9C2353-007C-4DCF-BBF5-DB7F9E8E6859}.Debug|Any CPU.ActiveCfg = Debug|Any CPU
		{8F9C2353-007C-4DCF-BBF5-DB7F9E8E6859}.Debug|Any CPU.Build.0 = Debug|Any CPU
		{8F9C2353-007C-4DCF-BBF5-DB7F9E8E6859}.Debug|Any CPU.Deploy.0 = Debug|Any CPU
		{8F9C2353-007C-4DCF-BBF5-DB7F9E8E6859}.Debug|ARM.ActiveCfg = Debug|Any CPU
		{8F9C2353-007C-4DCF-BBF5-DB7F9E8E6859}.Debug|ARM.Build.0 = Debug|Any CPU
		{8F9C2353-007C-4DCF-BBF5-DB7F9E8E6859}.Debug|ARM.Deploy.0 = Debug|Any CPU
		{8F9C2353-007C-4DCF-BBF5-DB7F9E8E6859}.Debug|iPhone.ActiveCfg = Debug|Any CPU
		{8F9C2353-007C-4DCF-BBF5-DB7F9E8E6859}.Debug|iPhone.Build.0 = Debug|Any CPU
		{8F9C2353-007C-4DCF-BBF5-DB7F9E8E6859}.Debug|iPhone.Deploy.0 = Debug|Any CPU
		{8F9C2353-007C-4DCF-BBF5-DB7F9E8E6859}.Debug|iPhoneSimulator.ActiveCfg = Debug|Any CPU
		{8F9C2353-007C-4DCF-BBF5-DB7F9E8E6859}.Debug|iPhoneSimulator.Build.0 = Debug|Any CPU
		{8F9C2353-007C-4DCF-BBF5-DB7F9E8E6859}.Debug|iPhoneSimulator.Deploy.0 = Debug|Any CPU
		{8F9C2353-007C-4DCF-BBF5-DB7F9E8E6859}.Debug|x64.ActiveCfg = Debug|Any CPU
		{8F9C2353-007C-4DCF-BBF5-DB7F9E8E6859}.Debug|x64.Build.0 = Debug|Any CPU
		{8F9C2353-007C-4DCF-BBF5-DB7F9E8E6859}.Debug|x64.Deploy.0 = Debug|Any CPU
		{8F9C2353-007C-4DCF-BBF5-DB7F9E8E6859}.Debug|x86.ActiveCfg = Debug|Any CPU
		{8F9C2353-007C-4DCF-BBF5-DB7F9E8E6859}.Debug|x86.Build.0 = Debug|Any CPU
		{8F9C2353-007C-4DCF-BBF5-DB7F9E8E6859}.Debug|x86.Deploy.0 = Debug|Any CPU
		{8F9C2353-007C-4DCF-BBF5-DB7F9E8E6859}.Release|Any CPU.ActiveCfg = Release|Any CPU
		{8F9C2353-007C-4DCF-BBF5-DB7F9E8E6859}.Release|Any CPU.Build.0 = Release|Any CPU
		{8F9C2353-007C-4DCF-BBF5-DB7F9E8E6859}.Release|Any CPU.Deploy.0 = Release|Any CPU
		{8F9C2353-007C-4DCF-BBF5-DB7F9E8E6859}.Release|ARM.ActiveCfg = Release|Any CPU
		{8F9C2353-007C-4DCF-BBF5-DB7F9E8E6859}.Release|ARM.Build.0 = Release|Any CPU
		{8F9C2353-007C-4DCF-BBF5-DB7F9E8E6859}.Release|ARM.Deploy.0 = Release|Any CPU
		{8F9C2353-007C-4DCF-BBF5-DB7F9E8E6859}.Release|iPhone.ActiveCfg = Release|Any CPU
		{8F9C2353-007C-4DCF-BBF5-DB7F9E8E6859}.Release|iPhone.Build.0 = Release|Any CPU
		{8F9C2353-007C-4DCF-BBF5-DB7F9E8E6859}.Release|iPhone.Deploy.0 = Release|Any CPU
		{8F9C2353-007C-4DCF-BBF5-DB7F9E8E6859}.Release|iPhoneSimulator.ActiveCfg = Release|Any CPU
		{8F9C2353-007C-4DCF-BBF5-DB7F9E8E6859}.Release|iPhoneSimulator.Build.0 = Release|Any CPU
		{8F9C2353-007C-4DCF-BBF5-DB7F9E8E6859}.Release|iPhoneSimulator.Deploy.0 = Release|Any CPU
		{8F9C2353-007C-4DCF-BBF5-DB7F9E8E6859}.Release|x64.ActiveCfg = Release|Any CPU
		{8F9C2353-007C-4DCF-BBF5-DB7F9E8E6859}.Release|x64.Build.0 = Release|Any CPU
		{8F9C2353-007C-4DCF-BBF5-DB7F9E8E6859}.Release|x64.Deploy.0 = Release|Any CPU
		{8F9C2353-007C-4DCF-BBF5-DB7F9E8E6859}.Release|x86.ActiveCfg = Release|Any CPU
		{8F9C2353-007C-4DCF-BBF5-DB7F9E8E6859}.Release|x86.Build.0 = Release|Any CPU
		{8F9C2353-007C-4DCF-BBF5-DB7F9E8E6859}.Release|x86.Deploy.0 = Release|Any CPU
		{FE1FCD5C-FC2F-44BD-A4B7-2AEC7E0B6E07}.Ad-Hoc|Any CPU.ActiveCfg = Ad-Hoc|iPhone
		{FE1FCD5C-FC2F-44BD-A4B7-2AEC7E0B6E07}.Ad-Hoc|ARM.ActiveCfg = Ad-Hoc|iPhone
		{FE1FCD5C-FC2F-44BD-A4B7-2AEC7E0B6E07}.Ad-Hoc|iPhone.ActiveCfg = Ad-Hoc|iPhone
		{FE1FCD5C-FC2F-44BD-A4B7-2AEC7E0B6E07}.Ad-Hoc|iPhone.Build.0 = Ad-Hoc|iPhone
		{FE1FCD5C-FC2F-44BD-A4B7-2AEC7E0B6E07}.Ad-Hoc|iPhoneSimulator.ActiveCfg = Ad-Hoc|iPhoneSimulator
		{FE1FCD5C-FC2F-44BD-A4B7-2AEC7E0B6E07}.Ad-Hoc|iPhoneSimulator.Build.0 = Ad-Hoc|iPhoneSimulator
		{FE1FCD5C-FC2F-44BD-A4B7-2AEC7E0B6E07}.Ad-Hoc|x64.ActiveCfg = Ad-Hoc|iPhone
		{FE1FCD5C-FC2F-44BD-A4B7-2AEC7E0B6E07}.Ad-Hoc|x86.ActiveCfg = Ad-Hoc|iPhone
		{FE1FCD5C-FC2F-44BD-A4B7-2AEC7E0B6E07}.AppStore|Any CPU.ActiveCfg = AppStore|iPhone
		{FE1FCD5C-FC2F-44BD-A4B7-2AEC7E0B6E07}.AppStore|ARM.ActiveCfg = AppStore|iPhone
		{FE1FCD5C-FC2F-44BD-A4B7-2AEC7E0B6E07}.AppStore|iPhone.ActiveCfg = AppStore|iPhone
		{FE1FCD5C-FC2F-44BD-A4B7-2AEC7E0B6E07}.AppStore|iPhone.Build.0 = AppStore|iPhone
		{FE1FCD5C-FC2F-44BD-A4B7-2AEC7E0B6E07}.AppStore|iPhoneSimulator.ActiveCfg = AppStore|iPhoneSimulator
		{FE1FCD5C-FC2F-44BD-A4B7-2AEC7E0B6E07}.AppStore|iPhoneSimulator.Build.0 = AppStore|iPhoneSimulator
		{FE1FCD5C-FC2F-44BD-A4B7-2AEC7E0B6E07}.AppStore|x64.ActiveCfg = AppStore|iPhone
		{FE1FCD5C-FC2F-44BD-A4B7-2AEC7E0B6E07}.AppStore|x86.ActiveCfg = AppStore|iPhone
		{FE1FCD5C-FC2F-44BD-A4B7-2AEC7E0B6E07}.Debug|Any CPU.ActiveCfg = Debug|iPhone
		{FE1FCD5C-FC2F-44BD-A4B7-2AEC7E0B6E07}.Debug|ARM.ActiveCfg = Debug|iPhone
		{FE1FCD5C-FC2F-44BD-A4B7-2AEC7E0B6E07}.Debug|iPhone.ActiveCfg = Debug|iPhone
		{FE1FCD5C-FC2F-44BD-A4B7-2AEC7E0B6E07}.Debug|iPhone.Build.0 = Debug|iPhone
		{FE1FCD5C-FC2F-44BD-A4B7-2AEC7E0B6E07}.Debug|iPhoneSimulator.ActiveCfg = Debug|iPhoneSimulator
		{FE1FCD5C-FC2F-44BD-A4B7-2AEC7E0B6E07}.Debug|iPhoneSimulator.Build.0 = Debug|iPhoneSimulator
		{FE1FCD5C-FC2F-44BD-A4B7-2AEC7E0B6E07}.Debug|x64.ActiveCfg = Debug|iPhone
		{FE1FCD5C-FC2F-44BD-A4B7-2AEC7E0B6E07}.Debug|x86.ActiveCfg = Debug|iPhone
		{FE1FCD5C-FC2F-44BD-A4B7-2AEC7E0B6E07}.Release|Any CPU.ActiveCfg = Release|iPhone
		{FE1FCD5C-FC2F-44BD-A4B7-2AEC7E0B6E07}.Release|ARM.ActiveCfg = Release|iPhone
		{FE1FCD5C-FC2F-44BD-A4B7-2AEC7E0B6E07}.Release|iPhone.ActiveCfg = Release|iPhone
		{FE1FCD5C-FC2F-44BD-A4B7-2AEC7E0B6E07}.Release|iPhone.Build.0 = Release|iPhone
		{FE1FCD5C-FC2F-44BD-A4B7-2AEC7E0B6E07}.Release|iPhoneSimulator.ActiveCfg = Release|iPhoneSimulator
		{FE1FCD5C-FC2F-44BD-A4B7-2AEC7E0B6E07}.Release|iPhoneSimulator.Build.0 = Release|iPhoneSimulator
		{FE1FCD5C-FC2F-44BD-A4B7-2AEC7E0B6E07}.Release|x64.ActiveCfg = Release|iPhone
		{FE1FCD5C-FC2F-44BD-A4B7-2AEC7E0B6E07}.Release|x86.ActiveCfg = Release|iPhone
		{740109E4-37A0-4283-91CA-E4BAF3B568E3}.Ad-Hoc|Any CPU.ActiveCfg = Release|x86
		{740109E4-37A0-4283-91CA-E4BAF3B568E3}.Ad-Hoc|Any CPU.Build.0 = Release|x86
		{740109E4-37A0-4283-91CA-E4BAF3B568E3}.Ad-Hoc|Any CPU.Deploy.0 = Release|x86
		{740109E4-37A0-4283-91CA-E4BAF3B568E3}.Ad-Hoc|ARM.ActiveCfg = Release|ARM
		{740109E4-37A0-4283-91CA-E4BAF3B568E3}.Ad-Hoc|ARM.Build.0 = Release|ARM
		{740109E4-37A0-4283-91CA-E4BAF3B568E3}.Ad-Hoc|ARM.Deploy.0 = Release|ARM
		{740109E4-37A0-4283-91CA-E4BAF3B568E3}.Ad-Hoc|iPhone.ActiveCfg = Release|x86
		{740109E4-37A0-4283-91CA-E4BAF3B568E3}.Ad-Hoc|iPhone.Build.0 = Release|x86
		{740109E4-37A0-4283-91CA-E4BAF3B568E3}.Ad-Hoc|iPhone.Deploy.0 = Release|x86
		{740109E4-37A0-4283-91CA-E4BAF3B568E3}.Ad-Hoc|iPhoneSimulator.ActiveCfg = Release|x86
		{740109E4-37A0-4283-91CA-E4BAF3B568E3}.Ad-Hoc|iPhoneSimulator.Build.0 = Release|x86
		{740109E4-37A0-4283-91CA-E4BAF3B568E3}.Ad-Hoc|iPhoneSimulator.Deploy.0 = Release|x86
		{740109E4-37A0-4283-91CA-E4BAF3B568E3}.Ad-Hoc|x64.ActiveCfg = Release|x64
		{740109E4-37A0-4283-91CA-E4BAF3B568E3}.Ad-Hoc|x64.Build.0 = Release|x64
		{740109E4-37A0-4283-91CA-E4BAF3B568E3}.Ad-Hoc|x64.Deploy.0 = Release|x64
		{740109E4-37A0-4283-91CA-E4BAF3B568E3}.Ad-Hoc|x86.ActiveCfg = Release|x86
		{740109E4-37A0-4283-91CA-E4BAF3B568E3}.Ad-Hoc|x86.Build.0 = Release|x86
		{740109E4-37A0-4283-91CA-E4BAF3B568E3}.Ad-Hoc|x86.Deploy.0 = Release|x86
		{740109E4-37A0-4283-91CA-E4BAF3B568E3}.AppStore|Any CPU.ActiveCfg = Release|x86
		{740109E4-37A0-4283-91CA-E4BAF3B568E3}.AppStore|Any CPU.Build.0 = Release|x86
		{740109E4-37A0-4283-91CA-E4BAF3B568E3}.AppStore|Any CPU.Deploy.0 = Release|x86
		{740109E4-37A0-4283-91CA-E4BAF3B568E3}.AppStore|ARM.ActiveCfg = Release|ARM
		{740109E4-37A0-4283-91CA-E4BAF3B568E3}.AppStore|ARM.Build.0 = Release|ARM
		{740109E4-37A0-4283-91CA-E4BAF3B568E3}.AppStore|ARM.Deploy.0 = Release|ARM
		{740109E4-37A0-4283-91CA-E4BAF3B568E3}.AppStore|iPhone.ActiveCfg = Release|x86
		{740109E4-37A0-4283-91CA-E4BAF3B568E3}.AppStore|iPhone.Build.0 = Release|x86
		{740109E4-37A0-4283-91CA-E4BAF3B568E3}.AppStore|iPhone.Deploy.0 = Release|x86
		{740109E4-37A0-4283-91CA-E4BAF3B568E3}.AppStore|iPhoneSimulator.ActiveCfg = Release|x86
		{740109E4-37A0-4283-91CA-E4BAF3B568E3}.AppStore|iPhoneSimulator.Build.0 = Release|x86
		{740109E4-37A0-4283-91CA-E4BAF3B568E3}.AppStore|iPhoneSimulator.Deploy.0 = Release|x86
		{740109E4-37A0-4283-91CA-E4BAF3B568E3}.AppStore|x64.ActiveCfg = Release|x64
		{740109E4-37A0-4283-91CA-E4BAF3B568E3}.AppStore|x64.Build.0 = Release|x64
		{740109E4-37A0-4283-91CA-E4BAF3B568E3}.AppStore|x64.Deploy.0 = Release|x64
		{740109E4-37A0-4283-91CA-E4BAF3B568E3}.AppStore|x86.ActiveCfg = Release|x86
		{740109E4-37A0-4283-91CA-E4BAF3B568E3}.AppStore|x86.Build.0 = Release|x86
		{740109E4-37A0-4283-91CA-E4BAF3B568E3}.AppStore|x86.Deploy.0 = Release|x86
		{740109E4-37A0-4283-91CA-E4BAF3B568E3}.Debug|Any CPU.ActiveCfg = Debug|x86
		{740109E4-37A0-4283-91CA-E4BAF3B568E3}.Debug|ARM.ActiveCfg = Debug|ARM
		{740109E4-37A0-4283-91CA-E4BAF3B568E3}.Debug|ARM.Build.0 = Debug|ARM
		{740109E4-37A0-4283-91CA-E4BAF3B568E3}.Debug|ARM.Deploy.0 = Debug|ARM
		{740109E4-37A0-4283-91CA-E4BAF3B568E3}.Debug|iPhone.ActiveCfg = Debug|x86
		{740109E4-37A0-4283-91CA-E4BAF3B568E3}.Debug|iPhoneSimulator.ActiveCfg = Debug|x86
		{740109E4-37A0-4283-91CA-E4BAF3B568E3}.Debug|x64.ActiveCfg = Debug|x64
		{740109E4-37A0-4283-91CA-E4BAF3B568E3}.Debug|x64.Build.0 = Debug|x64
		{740109E4-37A0-4283-91CA-E4BAF3B568E3}.Debug|x64.Deploy.0 = Debug|x64
		{740109E4-37A0-4283-91CA-E4BAF3B568E3}.Debug|x86.ActiveCfg = Debug|x86
		{740109E4-37A0-4283-91CA-E4BAF3B568E3}.Debug|x86.Build.0 = Debug|x86
		{740109E4-37A0-4283-91CA-E4BAF3B568E3}.Debug|x86.Deploy.0 = Debug|x86
		{740109E4-37A0-4283-91CA-E4BAF3B568E3}.Release|Any CPU.ActiveCfg = Release|x86
		{740109E4-37A0-4283-91CA-E4BAF3B568E3}.Release|ARM.ActiveCfg = Release|ARM
		{740109E4-37A0-4283-91CA-E4BAF3B568E3}.Release|ARM.Build.0 = Release|ARM
		{740109E4-37A0-4283-91CA-E4BAF3B568E3}.Release|ARM.Deploy.0 = Release|ARM
		{740109E4-37A0-4283-91CA-E4BAF3B568E3}.Release|iPhone.ActiveCfg = Release|x86
		{740109E4-37A0-4283-91CA-E4BAF3B568E3}.Release|iPhoneSimulator.ActiveCfg = Release|x86
		{740109E4-37A0-4283-91CA-E4BAF3B568E3}.Release|x64.ActiveCfg = Release|x64
		{740109E4-37A0-4283-91CA-E4BAF3B568E3}.Release|x64.Build.0 = Release|x64
		{740109E4-37A0-4283-91CA-E4BAF3B568E3}.Release|x64.Deploy.0 = Release|x64
		{740109E4-37A0-4283-91CA-E4BAF3B568E3}.Release|x86.ActiveCfg = Release|x86
		{740109E4-37A0-4283-91CA-E4BAF3B568E3}.Release|x86.Build.0 = Release|x86
		{740109E4-37A0-4283-91CA-E4BAF3B568E3}.Release|x86.Deploy.0 = Release|x86
	EndGlobalSection
	GlobalSection(SolutionProperties) = preSolution
		HideSolutionNode = FALSE
	EndGlobalSection
EndGlobal
